
Microsoft Visual Studio Solution File, Format Version 12.00
# Visual Studio Version 16
VisualStudioVersion = 16.0.32126.315
MinimumVisualStudioVersion = 10.0.40219.1
Project("{9A19103F-16F7-4668-BE54-9A1E7A4F7556}") = "HotelFinder.Entities", "HotelFinder.Entities\HotelFinder.Entities.csproj", "{38F9CB66-64A4-42FA-82A2-1C5E8AC5CF0D}"
EndProject
Project("{9A19103F-16F7-4668-BE54-9A1E7A4F7556}") = "HotelFinder.DataAccess", "HotelFinder.DataAccess\HotelFinder.DataAccess.csproj", "{75E91751-A1D5-439C-A52F-418E29DD9527}"
EndProject
Project("{9A19103F-16F7-4668-BE54-9A1E7A4F7556}") = "HotelFinder.Business", "HotelFinder.Business\HotelFinder.Business.csproj", "{7295596F-D901-4F2F-A988-667E74EF9C7F}"
EndProject
Project("{FAE04EC0-301F-11D3-BF4B-00C04F79EFBC}") = "HotelFinder.API", "HotelFinder.API\HotelFinder.API.csproj", "{43B035FC-8382-42A1-AE97-F68EF177FCAC}"
EndProject
Global
	GlobalSection(SolutionConfigurationPlatforms) = preSolution
		Debug|Any CPU = Debug|Any CPU
		Release|Any CPU = Release|Any CPU
	EndGlobalSection
	GlobalSection(ProjectConfigurationPlatforms) = postSolution
		{38F9CB66-64A4-42FA-82A2-1C5E8AC5CF0D}.Debug|Any CPU.ActiveCfg = Debug|Any CPU
		{38F9CB66-64A4-42FA-82A2-1C5E8AC5CF0D}.Debug|Any CPU.Build.0 = Debug|Any CPU
		{38F9CB66-64A4-42FA-82A2-1C5E8AC5CF0D}.Release|Any CPU.ActiveCfg = Release|Any CPU
		{38F9CB66-64A4-42FA-82A2-1C5E8AC5CF0D}.Release|Any CPU.Build.0 = Release|Any CPU
		{75E91751-A1D5-439C-A52F-418E29DD9527}.Debug|Any CPU.ActiveCfg = Debug|Any CPU
		{75E91751-A1D5-439C-A52F-418E29DD9527}.Debug|Any CPU.Build.0 = Debug|Any CPU
		{75E91751-A1D5-439C-A52F-418E29DD9527}.Release|Any CPU.ActiveCfg = Release|Any CPU
		{75E91751-A1D5-439C-A52F-418E29DD9527}.Release|Any CPU.Build.0 = Release|Any CPU
		{7295596F-D901-4F2F-A988-667E74EF9C7F}.Debug|Any CPU.ActiveCfg = Debug|Any CPU
		{7295596F-D901-4F2F-A988-667E74EF9C7F}.Debug|Any CPU.Build.0 = Debug|Any CPU
		{7295596F-D901-4F2F-A988-667E74EF9C7F}.Release|Any CPU.ActiveCfg = Release|Any CPU
		{7295596F-D901-4F2F-A988-667E74EF9C7F}.Release|Any CPU.Build.0 = Release|Any CPU
		{43B035FC-8382-42A1-AE97-F68EF177FCAC}.Debug|Any CPU.ActiveCfg = Debug|Any CPU
		{43B035FC-8382-42A1-AE97-F68EF177FCAC}.Debug|Any CPU.Build.0 = Debug|Any CPU
		{43B035FC-8382-42A1-AE97-F68EF177FCAC}.Release|Any CPU.ActiveCfg = Release|Any CPU
		{43B035FC-8382-42A1-AE97-F68EF177FCAC}.Release|Any CPU.Build.0 = Release|Any CPU
	EndGlobalSection
	GlobalSection(SolutionProperties) = preSolution
		HideSolutionNode = FALSE
	EndGlobalSection
	GlobalSection(ExtensibilityGlobals) = postSolution
		SolutionGuid = {9BB4B927-4C0D-4B4B-ACE9-8AA8C4CF96BE}
	EndGlobalSection
EndGlobal
